// !$*UTF8*$!
{
	archiveVersion = 1;
	classes = {
	};
	objectVersion = 63;
	objects = {

/* Begin PBXBuildFile section */
		284B4F4941BE55B51798BA85 /* Pods_Neatflo.framework in Frameworks */ = {isa = PBXBuildFile; fileRef = 184062A23183B9A8D089D05A /* Pods_Neatflo.framework */; };
		DA0415AA2DBF2ED900607BEB /* NeatfloDataManager.swift in Sources */ = {isa = PBXBuildFile; fileRef = DA0415A92DBF2ED900607BEB /* NeatfloDataManager.swift */; };
		DA0415AC2DBF2F7C00607BEB /* OpportunityListView.swift in Sources */ = {isa = PBXBuildFile; fileRef = DA0415AB2DBF2F7C00607BEB /* OpportunityListView.swift */; };
		DA0415AF2DBF4CC600607BEB /* GoogleService-Info.plist in Resources */ = {isa = PBXBuildFile; fileRef = DA0415AE2DBF4CC600607BEB /* GoogleService-Info.plist */; };
		DA0415B12DBF4D5C00607BEB /* AppDelegate.swift in Sources */ = {isa = PBXBuildFile; fileRef = DA0415B02DBF4D5C00607BEB /* AppDelegate.swift */; };
		DA3CD4AC2DC711810033EF02 /* DataService.swift in Sources */ = {isa = PBXBuildFile; fileRef = DA3CD4AB2DC711810033EF02 /* DataService.swift */; };
		DA3CD4AE2DC7126C0033EF02 /* OpportunityFeedView.swift in Sources */ = {isa = PBXBuildFile; fileRef = DA3CD4AD2DC7126C0033EF02 /* OpportunityFeedView.swift */; };
		DA3E93492DC86DE5004BA2BB /* MockDataService.swift in Sources */ = {isa = PBXBuildFile; fileRef = DA3E93482DC86DE5004BA2BB /* MockDataService.swift */; };
		DA45255B2DBDAEA3001AFE0D /* SplashView.swift in Sources */ = {isa = PBXBuildFile; fileRef = DA4525582DBDAEA3001AFE0D /* SplashView.swift */; };
		DA45255C2DBDAEA3001AFE0D /* AuthService.swift in Sources */ = {isa = PBXBuildFile; fileRef = DA45254F2DBDAEA3001AFE0D /* AuthService.swift */; };
		DA45255D2DBDAEA3001AFE0D /* LoginView.swift in Sources */ = {isa = PBXBuildFile; fileRef = DA4525542DBDAEA3001AFE0D /* LoginView.swift */; };
		DA45255E2DBDAEA3001AFE0D /* AuthViewModel.swift in Sources */ = {isa = PBXBuildFile; fileRef = DA4525512DBDAEA3001AFE0D /* AuthViewModel.swift */; };
		DA45255F2DBDAEA3001AFE0D /* SplashViewModel.swift in Sources */ = {isa = PBXBuildFile; fileRef = DA4525522DBDAEA3001AFE0D /* SplashViewModel.swift */; };
		DA4525602DBDAEA3001AFE0D /* AppState.swift in Sources */ = {isa = PBXBuildFile; fileRef = DA45254D2DBDAEA3001AFE0D /* AppState.swift */; };
		DA4525612DBDAEA3001AFE0D /* FeedView.swift in Sources */ = {isa = PBXBuildFile; fileRef = DA4525562DBDAEA3001AFE0D /* FeedView.swift */; };
		DA5D3CA22DDBA81100404BA7 /* MainContentView.swift in Sources */ = {isa = PBXBuildFile; fileRef = DA5D3CA12DDBA81100404BA7 /* MainContentView.swift */; };
		DA5D3CA42DDBA97500404BA7 /* DataStorageModifier.swift in Sources */ = {isa = PBXBuildFile; fileRef = DA5D3CA32DDBA97500404BA7 /* DataStorageModifier.swift */; };
		DA5D3CA62DDBC31600404BA7 /* OnboardingView.swift in Sources */ = {isa = PBXBuildFile; fileRef = DA5D3CA52DDBC31600404BA7 /* OnboardingView.swift */; };
		DA7D897B2DD11F7200EE5B88 /* OpportunityMO.swift in Sources */ = {isa = PBXBuildFile; fileRef = DA7D897A2DD11F7200EE5B88 /* OpportunityMO.swift */; };
		DA7D897D2DD123A900EE5B88 /* ContentView.swift in Sources */ = {isa = PBXBuildFile; fileRef = DA7D897C2DD123A900EE5B88 /* ContentView.swift */; };
		DA7DAF202DBEAA92000940B9 /* NeatfloApp.swift in Sources */ = {isa = PBXBuildFile; fileRef = DA7DAF1F2DBEAA92000940B9 /* NeatfloApp.swift */; };
		DA80C8BD2DCFCDBB00B879C2 /* PersistenceController.swift in Sources */ = {isa = PBXBuildFile; fileRef = DA80C8BC2DCFCDBB00B879C2 /* PersistenceController.swift */; };
		DAA5059B2DDAB51300D80412 /* LoginViewModel.swift in Sources */ = {isa = PBXBuildFile; fileRef = DAA5059A2DDAB51300D80412 /* LoginViewModel.swift */; };
		DAA5A6DB2DBDB7F500AD57E4 /* FirestoreServiceProtocol.swift in Sources */ = {isa = PBXBuildFile; fileRef = DAA5A6DA2DBDB7F500AD57E4 /* FirestoreServiceProtocol.swift */; };
		DAA5A6DD2DBDB82000AD57E4 /* FirestoreService.swift in Sources */ = {isa = PBXBuildFile; fileRef = DAA5A6DC2DBDB82000AD57E4 /* FirestoreService.swift */; };
		DAA5A6DF2DBDB88800AD57E4 /* FeedViewModel.swift in Sources */ = {isa = PBXBuildFile; fileRef = DAA5A6DE2DBDB88800AD57E4 /* FeedViewModel.swift */; };
		DAA5A6E12DBDB8BF00AD57E4 /* Opportunity.swift in Sources */ = {isa = PBXBuildFile; fileRef = DAA5A6E02DBDB8BF00AD57E4 /* Opportunity.swift */; };
		DAAC15862DC2B7D40096E81E /* Assets.xcassets in Resources */ = {isa = PBXBuildFile; fileRef = DAAC15852DC2B7D40096E81E /* Assets.xcassets */; };
		DAF4F0902DDAD6C700FAA050 /* CustomTextField.swift in Sources */ = {isa = PBXBuildFile; fileRef = DAF4F08F2DDAD6C700FAA050 /* CustomTextField.swift */; };
/* End PBXBuildFile section */

/* Begin PBXContainerItemProxy section */
		DA4525152DBD910E001AFE0D /* PBXContainerItemProxy */ = {
			isa = PBXContainerItemProxy;
			containerPortal = DA4524FB2DBD910C001AFE0D /* Project object */;
			proxyType = 1;
			remoteGlobalIDString = DA4525022DBD910C001AFE0D;
			remoteInfo = Neatflo;
		};
		DA45251F2DBD910E001AFE0D /* PBXContainerItemProxy */ = {
			isa = PBXContainerItemProxy;
			containerPortal = DA4524FB2DBD910C001AFE0D /* Project object */;
			proxyType = 1;
			remoteGlobalIDString = DA4525022DBD910C001AFE0D;
			remoteInfo = Neatflo;
		};
/* End PBXContainerItemProxy section */

/* Begin PBXFileReference section */
		184062A23183B9A8D089D05A /* Pods_Neatflo.framework */ = {isa = PBXFileReference; explicitFileType = wrapper.framework; includeInIndex = 0; path = Pods_Neatflo.framework; sourceTree = BUILT_PRODUCTS_DIR; };
		842D2D3478D68A149DE1672C /* Pods-Neatflo.debug.xcconfig */ = {isa = PBXFileReference; includeInIndex = 1; lastKnownFileType = text.xcconfig; name = "Pods-Neatflo.debug.xcconfig"; path = "Target Support Files/Pods-Neatflo/Pods-Neatflo.debug.xcconfig"; sourceTree = "<group>"; };
		997D5B6277023DA8AF9A99F5 /* Pods-Neatflo.release.xcconfig */ = {isa = PBXFileReference; includeInIndex = 1; lastKnownFileType = text.xcconfig; name = "Pods-Neatflo.release.xcconfig"; path = "Target Support Files/Pods-Neatflo/Pods-Neatflo.release.xcconfig"; sourceTree = "<group>"; };
		DA0415A92DBF2ED900607BEB /* NeatfloDataManager.swift */ = {isa = PBXFileReference; lastKnownFileType = sourcecode.swift; path = NeatfloDataManager.swift; sourceTree = "<group>"; };
		DA0415AB2DBF2F7C00607BEB /* OpportunityListView.swift */ = {isa = PBXFileReference; lastKnownFileType = sourcecode.swift; path = OpportunityListView.swift; sourceTree = "<group>"; };
		DA0415AE2DBF4CC600607BEB /* GoogleService-Info.plist */ = {isa = PBXFileReference; lastKnownFileType = text.plist.xml; path = "GoogleService-Info.plist"; sourceTree = "<group>"; };
		DA0415B02DBF4D5C00607BEB /* AppDelegate.swift */ = {isa = PBXFileReference; lastKnownFileType = sourcecode.swift; path = AppDelegate.swift; sourceTree = "<group>"; };
		DA3CD4AB2DC711810033EF02 /* DataService.swift */ = {isa = PBXFileReference; lastKnownFileType = sourcecode.swift; path = DataService.swift; sourceTree = "<group>"; };
		DA3CD4AD2DC7126C0033EF02 /* OpportunityFeedView.swift */ = {isa = PBXFileReference; lastKnownFileType = sourcecode.swift; path = OpportunityFeedView.swift; sourceTree = "<group>"; };
		DA3E93482DC86DE5004BA2BB /* MockDataService.swift */ = {isa = PBXFileReference; lastKnownFileType = sourcecode.swift; path = MockDataService.swift; sourceTree = "<group>"; };
		DA4525032DBD910C001AFE0D /* Neatflo.app */ = {isa = PBXFileReference; explicitFileType = wrapper.application; includeInIndex = 0; path = Neatflo.app; sourceTree = BUILT_PRODUCTS_DIR; };
		DA4525142DBD910E001AFE0D /* NeatfloTests.xctest */ = {isa = PBXFileReference; explicitFileType = wrapper.cfbundle; includeInIndex = 0; path = NeatfloTests.xctest; sourceTree = BUILT_PRODUCTS_DIR; };
		DA45251E2DBD910E001AFE0D /* NeatfloUITests.xctest */ = {isa = PBXFileReference; explicitFileType = wrapper.cfbundle; includeInIndex = 0; path = NeatfloUITests.xctest; sourceTree = BUILT_PRODUCTS_DIR; };
		DA45254D2DBDAEA3001AFE0D /* AppState.swift */ = {isa = PBXFileReference; lastKnownFileType = sourcecode.swift; path = AppState.swift; sourceTree = "<group>"; };
		DA45254F2DBDAEA3001AFE0D /* AuthService.swift */ = {isa = PBXFileReference; lastKnownFileType = sourcecode.swift; path = AuthService.swift; sourceTree = "<group>"; };
		DA4525512DBDAEA3001AFE0D /* AuthViewModel.swift */ = {isa = PBXFileReference; lastKnownFileType = sourcecode.swift; path = AuthViewModel.swift; sourceTree = "<group>"; };
		DA4525522DBDAEA3001AFE0D /* SplashViewModel.swift */ = {isa = PBXFileReference; lastKnownFileType = sourcecode.swift; path = SplashViewModel.swift; sourceTree = "<group>"; };
		DA4525542DBDAEA3001AFE0D /* LoginView.swift */ = {isa = PBXFileReference; lastKnownFileType = sourcecode.swift; path = LoginView.swift; sourceTree = "<group>"; };
		DA4525562DBDAEA3001AFE0D /* FeedView.swift */ = {isa = PBXFileReference; lastKnownFileType = sourcecode.swift; path = FeedView.swift; sourceTree = "<group>"; };
		DA4525582DBDAEA3001AFE0D /* SplashView.swift */ = {isa = PBXFileReference; lastKnownFileType = sourcecode.swift; path = SplashView.swift; sourceTree = "<group>"; };
		DA5D3CA12DDBA81100404BA7 /* MainContentView.swift */ = {isa = PBXFileReference; lastKnownFileType = sourcecode.swift; path = MainContentView.swift; sourceTree = "<group>"; };
		DA5D3CA32DDBA97500404BA7 /* DataStorageModifier.swift */ = {isa = PBXFileReference; lastKnownFileType = sourcecode.swift; path = DataStorageModifier.swift; sourceTree = "<group>"; };
		DA5D3CA52DDBC31600404BA7 /* OnboardingView.swift */ = {isa = PBXFileReference; lastKnownFileType = sourcecode.swift; path = OnboardingView.swift; sourceTree = "<group>"; };
		DA7D897A2DD11F7200EE5B88 /* OpportunityMO.swift */ = {isa = PBXFileReference; lastKnownFileType = sourcecode.swift; path = OpportunityMO.swift; sourceTree = "<group>"; };
		DA7D897C2DD123A900EE5B88 /* ContentView.swift */ = {isa = PBXFileReference; lastKnownFileType = sourcecode.swift; path = ContentView.swift; sourceTree = "<group>"; };
		DA7DAF1F2DBEAA92000940B9 /* NeatfloApp.swift */ = {isa = PBXFileReference; lastKnownFileType = sourcecode.swift; path = NeatfloApp.swift; sourceTree = "<group>"; };
		DA80C8BC2DCFCDBB00B879C2 /* PersistenceController.swift */ = {isa = PBXFileReference; lastKnownFileType = sourcecode.swift; path = PersistenceController.swift; sourceTree = "<group>"; };
		DA90581E2DC5D4BB00C1A19C /* FirebaseFirestore.framework */ = {isa = PBXFileReference; explicitFileType = wrapper.framework; path = FirebaseFirestore.framework; sourceTree = BUILT_PRODUCTS_DIR; };
		DA9749352DC1DC1300AB3EE3 /* FirebaseFirestore.framework */ = {isa = PBXFileReference; explicitFileType = wrapper.framework; path = FirebaseFirestore.framework; sourceTree = BUILT_PRODUCTS_DIR; };
		DAA5059A2DDAB51300D80412 /* LoginViewModel.swift */ = {isa = PBXFileReference; lastKnownFileType = sourcecode.swift; path = LoginViewModel.swift; sourceTree = "<group>"; };
		DAA5A6DA2DBDB7F500AD57E4 /* FirestoreServiceProtocol.swift */ = {isa = PBXFileReference; lastKnownFileType = sourcecode.swift; path = FirestoreServiceProtocol.swift; sourceTree = "<group>"; };
		DAA5A6DC2DBDB82000AD57E4 /* FirestoreService.swift */ = {isa = PBXFileReference; lastKnownFileType = sourcecode.swift; path = FirestoreService.swift; sourceTree = "<group>"; };
		DAA5A6DE2DBDB88800AD57E4 /* FeedViewModel.swift */ = {isa = PBXFileReference; lastKnownFileType = sourcecode.swift; path = FeedViewModel.swift; sourceTree = "<group>"; };
		DAA5A6E02DBDB8BF00AD57E4 /* Opportunity.swift */ = {isa = PBXFileReference; lastKnownFileType = sourcecode.swift; path = Opportunity.swift; sourceTree = "<group>"; };
		DAAC15852DC2B7D40096E81E /* Assets.xcassets */ = {isa = PBXFileReference; lastKnownFileType = folder.assetcatalog; path = Assets.xcassets; sourceTree = "<group>"; };
		DAAC15872DC2B9870096E81E /* FirebaseFirestore.framework */ = {isa = PBXFileReference; explicitFileType = wrapper.framework; path = FirebaseFirestore.framework; sourceTree = BUILT_PRODUCTS_DIR; };
		DAAC15892DC2B9EE0096E81E /* FirebaseFirestore.framework */ = {isa = PBXFileReference; explicitFileType = wrapper.framework; path = FirebaseFirestore.framework; sourceTree = BUILT_PRODUCTS_DIR; };
		DAAC158D2DC2D4660096E81E /* FirebaseAnalytics.xcframework */ = {isa = PBXFileReference; expectedSignature = "AppleDeveloperProgram:EQHXZ8M8AV:Google LLC"; lastKnownFileType = wrapper.xcframework; name = FirebaseAnalytics.xcframework; path = Pods/FirebaseAnalytics/Frameworks/FirebaseAnalytics.xcframework; sourceTree = "<group>"; };
		DAAC158E2DC2D4660096E81E /* FirebaseAuth.framework */ = {isa = PBXFileReference; explicitFileType = wrapper.framework; path = FirebaseAuth.framework; sourceTree = BUILT_PRODUCTS_DIR; };
		DAB3D88E2DC6DCF600EBF26C /* FirebaseAuth.framework */ = {isa = PBXFileReference; explicitFileType = wrapper.framework; path = FirebaseAuth.framework; sourceTree = BUILT_PRODUCTS_DIR; };
		DAF4F08F2DDAD6C700FAA050 /* CustomTextField.swift */ = {isa = PBXFileReference; lastKnownFileType = sourcecode.swift; path = CustomTextField.swift; sourceTree = "<group>"; };
/* End PBXFileReference section */

/* Begin PBXFrameworksBuildPhase section */
		DA4525002DBD910C001AFE0D /* Frameworks */ = {
			isa = PBXFrameworksBuildPhase;
			buildActionMask = 2147483647;
			files = (
				284B4F4941BE55B51798BA85 /* Pods_Neatflo.framework in Frameworks */,
			);
			runOnlyForDeploymentPostprocessing = 0;
		};
		DA4525112DBD910E001AFE0D /* Frameworks */ = {
			isa = PBXFrameworksBuildPhase;
			buildActionMask = 2147483647;
			files = (
			);
			runOnlyForDeploymentPostprocessing = 0;
		};
		DA45251B2DBD910E001AFE0D /* Frameworks */ = {
			isa = PBXFrameworksBuildPhase;
			buildActionMask = 2147483647;
			files = (
			);
			runOnlyForDeploymentPostprocessing = 0;
		};
/* End PBXFrameworksBuildPhase section */

/* Begin PBXGroup section */
		118C33B9BC9D35CA096416BE /* Frameworks */ = {
			isa = PBXGroup;
			children = (
				DAB3D88E2DC6DCF600EBF26C /* FirebaseAuth.framework */,
				DA90581E2DC5D4BB00C1A19C /* FirebaseFirestore.framework */,
				DAAC158D2DC2D4660096E81E /* FirebaseAnalytics.xcframework */,
				DAAC158E2DC2D4660096E81E /* FirebaseAuth.framework */,
				DAAC15892DC2B9EE0096E81E /* FirebaseFirestore.framework */,
				DAAC15872DC2B9870096E81E /* FirebaseFirestore.framework */,
				DA9749352DC1DC1300AB3EE3 /* FirebaseFirestore.framework */,
				184062A23183B9A8D089D05A /* Pods_Neatflo.framework */,
			);
			name = Frameworks;
			sourceTree = "<group>";
		};
		4862C0AAE82C41F57DBD2146 /* Pods */ = {
			isa = PBXGroup;
			children = (
				842D2D3478D68A149DE1672C /* Pods-Neatflo.debug.xcconfig */,
				997D5B6277023DA8AF9A99F5 /* Pods-Neatflo.release.xcconfig */,
			);
			path = Pods;
			sourceTree = "<group>";
		};
		DA4524FA2DBD910C001AFE0D = {
			isa = PBXGroup;
			children = (
				DA45254E2DBDAEA3001AFE0D /* Models */,
				DA4525502DBDAEA3001AFE0D /* Services */,
				DA4525532DBDAEA3001AFE0D /* ViewModel */,
				DA45255A2DBDAEA3001AFE0D /* Views */,
				DA4525052DBD910C001AFE0D /* Neatflo */,
				DA4525342DBD968F001AFE0D /* Preview Content */,
				DA4525172DBD910E001AFE0D /* NeatfloTests */,
				DA4525212DBD910E001AFE0D /* NeatfloUITests */,
				DA4525042DBD910C001AFE0D /* Products */,
				4862C0AAE82C41F57DBD2146 /* Pods */,
				118C33B9BC9D35CA096416BE /* Frameworks */,
			);
			sourceTree = "<group>";
		};
		DA4525042DBD910C001AFE0D /* Products */ = {
			isa = PBXGroup;
			children = (
				DA4525032DBD910C001AFE0D /* Neatflo.app */,
				DA4525142DBD910E001AFE0D /* NeatfloTests.xctest */,
				DA45251E2DBD910E001AFE0D /* NeatfloUITests.xctest */,
			);
			name = Products;
			sourceTree = "<group>";
		};
		DA4525052DBD910C001AFE0D /* Neatflo */ = {
			isa = PBXGroup;
			children = (
			);
			path = Neatflo;
			sourceTree = "<group>";
		};
		DA4525172DBD910E001AFE0D /* NeatfloTests */ = {
			isa = PBXGroup;
			children = (
			);
			path = NeatfloTests;
			sourceTree = "<group>";
		};
		DA4525212DBD910E001AFE0D /* NeatfloUITests */ = {
			isa = PBXGroup;
			children = (
			);
			path = NeatfloUITests;
			sourceTree = "<group>";
		};
		DA4525342DBD968F001AFE0D /* Preview Content */ = {
			isa = PBXGroup;
			children = (
			);
			path = "Preview Content";
			sourceTree = "<group>";
		};
		DA45254E2DBDAEA3001AFE0D /* Models */ = {
			isa = PBXGroup;
			children = (
				DA0415AE2DBF4CC600607BEB /* GoogleService-Info.plist */,
				DA45254D2DBDAEA3001AFE0D /* AppState.swift */,
				DAA5A6E02DBDB8BF00AD57E4 /* Opportunity.swift */,
				DA0415B02DBF4D5C00607BEB /* AppDelegate.swift */,
				DAA5059A2DDAB51300D80412 /* LoginViewModel.swift */,
				DA7D897A2DD11F7200EE5B88 /* OpportunityMO.swift */,
			);
			path = Models;
			sourceTree = "<group>";
		};
		DA4525502DBDAEA3001AFE0D /* Services */ = {
			isa = PBXGroup;
			children = (
				DA45254F2DBDAEA3001AFE0D /* AuthService.swift */,
				DAA5A6DA2DBDB7F500AD57E4 /* FirestoreServiceProtocol.swift */,
				DAA5A6DC2DBDB82000AD57E4 /* FirestoreService.swift */,
				DA3CD4AB2DC711810033EF02 /* DataService.swift */,
				DA0415A92DBF2ED900607BEB /* NeatfloDataManager.swift */,
				DA3E93482DC86DE5004BA2BB /* MockDataService.swift */,
				DA80C8BC2DCFCDBB00B879C2 /* PersistenceController.swift */,
			);
			path = Services;
			sourceTree = "<group>";
		};
		DA4525532DBDAEA3001AFE0D /* ViewModel */ = {
			isa = PBXGroup;
			children = (
				DAAC15852DC2B7D40096E81E /* Assets.xcassets */,
				DA4525512DBDAEA3001AFE0D /* AuthViewModel.swift */,
				DA4525522DBDAEA3001AFE0D /* SplashViewModel.swift */,
				DAA5A6DE2DBDB88800AD57E4 /* FeedViewModel.swift */,
			);
			path = ViewModel;
			sourceTree = "<group>";
		};
		DA4525552DBDAEA3001AFE0D /* Auth */ = {
			isa = PBXGroup;
			children = (
				DA4525542DBDAEA3001AFE0D /* LoginView.swift */,
			);
			path = Auth;
			sourceTree = "<group>";
		};
		DA4525572DBDAEA3001AFE0D /* Main */ = {
			isa = PBXGroup;
			children = (
				DA5D3CA12DDBA81100404BA7 /* MainContentView.swift */,
				DA4525562DBDAEA3001AFE0D /* FeedView.swift */,
				DA7DAF1F2DBEAA92000940B9 /* NeatfloApp.swift */,
				DA5D3CA52DDBC31600404BA7 /* OnboardingView.swift */,
			);
			path = Main;
			sourceTree = "<group>";
		};
		DA4525592DBDAEA3001AFE0D /* Shared */ = {
			isa = PBXGroup;
			children = (
				DA4525582DBDAEA3001AFE0D /* SplashView.swift */,
				DAF4F08F2DDAD6C700FAA050 /* CustomTextField.swift */,
				DA5D3CA32DDBA97500404BA7 /* DataStorageModifier.swift */,
			);
			path = Shared;
			sourceTree = "<group>";
		};
		DA45255A2DBDAEA3001AFE0D /* Views */ = {
			isa = PBXGroup;
			children = (
				DA4525552DBDAEA3001AFE0D /* Auth */,
				DA4525572DBDAEA3001AFE0D /* Main */,
				DA4525592DBDAEA3001AFE0D /* Shared */,
				DA0415AB2DBF2F7C00607BEB /* OpportunityListView.swift */,
				DA3CD4AD2DC7126C0033EF02 /* OpportunityFeedView.swift */,
				DA7D897C2DD123A900EE5B88 /* ContentView.swift */,
			);
			path = Views;
			sourceTree = "<group>";
		};
/* End PBXGroup section */

/* Begin PBXNativeTarget section */
		DA4525022DBD910C001AFE0D /* Neatflo */ = {
			isa = PBXNativeTarget;
			buildConfigurationList = DA4525282DBD910E001AFE0D /* Build configuration list for PBXNativeTarget "Neatflo" */;
			buildPhases = (
				EFE0141AE8AA1C20417AEAF5 /* [CP] Check Pods Manifest.lock */,
				DA4524FF2DBD910C001AFE0D /* Sources */,
				DA4525002DBD910C001AFE0D /* Frameworks */,
				DA4525012DBD910C001AFE0D /* Resources */,
			);
			buildRules = (
			);
			dependencies = (
			);
			name = Neatflo;
			productName = Neatflo;
			productReference = DA4525032DBD910C001AFE0D /* Neatflo.app */;
			productType = "com.apple.product-type.application";
		};
		DA4525132DBD910E001AFE0D /* NeatfloTests */ = {
			isa = PBXNativeTarget;
			buildConfigurationList = DA45252B2DBD910E001AFE0D /* Build configuration list for PBXNativeTarget "NeatfloTests" */;
			buildPhases = (
				DA4525102DBD910E001AFE0D /* Sources */,
				DA4525112DBD910E001AFE0D /* Frameworks */,
				DA4525122DBD910E001AFE0D /* Resources */,
			);
			buildRules = (
			);
			dependencies = (
				DA4525162DBD910E001AFE0D /* PBXTargetDependency */,
			);
			name = NeatfloTests;
			productName = NeatfloTests;
			productReference = DA4525142DBD910E001AFE0D /* NeatfloTests.xctest */;
			productType = "com.apple.product-type.bundle.unit-test";
		};
		DA45251D2DBD910E001AFE0D /* NeatfloUITests */ = {
			isa = PBXNativeTarget;
			buildConfigurationList = DA45252E2DBD910E001AFE0D /* Build configuration list for PBXNativeTarget "NeatfloUITests" */;
			buildPhases = (
				DA45251A2DBD910E001AFE0D /* Sources */,
				DA45251B2DBD910E001AFE0D /* Frameworks */,
				DA45251C2DBD910E001AFE0D /* Resources */,
			);
			buildRules = (
			);
			dependencies = (
				DA4525202DBD910E001AFE0D /* PBXTargetDependency */,
			);
			name = NeatfloUITests;
			productName = NeatfloUITests;
			productReference = DA45251E2DBD910E001AFE0D /* NeatfloUITests.xctest */;
			productType = "com.apple.product-type.bundle.ui-testing";
		};
/* End PBXNativeTarget section */

/* Begin PBXProject section */
		DA4524FB2DBD910C001AFE0D /* Project object */ = {
			isa = PBXProject;
			attributes = {
				BuildIndependentTargetsInParallel = 1;
				LastSwiftUpdateCheck = 1600;
				LastUpgradeCheck = 1600;
				TargetAttributes = {
					DA4525022DBD910C001AFE0D = {
						CreatedOnToolsVersion = 16.0;
					};
					DA4525132DBD910E001AFE0D = {
						CreatedOnToolsVersion = 16.0;
						TestTargetID = DA4525022DBD910C001AFE0D;
					};
					DA45251D2DBD910E001AFE0D = {
						CreatedOnToolsVersion = 16.0;
						TestTargetID = DA4525022DBD910C001AFE0D;
					};
				};
			};
			buildConfigurationList = DA4524FE2DBD910C001AFE0D /* Build configuration list for PBXProject "Neatflo" */;
			compatibilityVersion = "Xcode 15.3";
			developmentRegion = en;
			hasScannedForEncodings = 0;
			knownRegions = (
				en,
				Base,
			);
			mainGroup = DA4524FA2DBD910C001AFE0D;
			minimizedProjectReferenceProxies = 1;
			packageReferences = (
				DA0415AD2DBF33C700607BEB /* XCRemoteSwiftPackageReference "firebase-ios-sdk" */,
			);
			productRefGroup = DA4525042DBD910C001AFE0D /* Products */;
			projectDirPath = "";
			projectRoot = "";
			targets = (
				DA4525022DBD910C001AFE0D /* Neatflo */,
				DA4525132DBD910E001AFE0D /* NeatfloTests */,
				DA45251D2DBD910E001AFE0D /* NeatfloUITests */,
			);
		};
/* End PBXProject section */

/* Begin PBXResourcesBuildPhase section */
		DA4525012DBD910C001AFE0D /* Resources */ = {
			isa = PBXResourcesBuildPhase;
			buildActionMask = 2147483647;
			files = (
				DAAC15862DC2B7D40096E81E /* Assets.xcassets in Resources */,
				DA0415AF2DBF4CC600607BEB /* GoogleService-Info.plist in Resources */,
			);
			runOnlyForDeploymentPostprocessing = 0;
		};
		DA4525122DBD910E001AFE0D /* Resources */ = {
			isa = PBXResourcesBuildPhase;
			buildActionMask = 2147483647;
			files = (
			);
			runOnlyForDeploymentPostprocessing = 0;
		};
		DA45251C2DBD910E001AFE0D /* Resources */ = {
			isa = PBXResourcesBuildPhase;
			buildActionMask = 2147483647;
			files = (
			);
			runOnlyForDeploymentPostprocessing = 0;
		};
/* End PBXResourcesBuildPhase section */

/* Begin PBXShellScriptBuildPhase section */
		EFE0141AE8AA1C20417AEAF5 /* [CP] Check Pods Manifest.lock */ = {
			isa = PBXShellScriptBuildPhase;
			buildActionMask = 2147483647;
			files = (
			);
			inputFileListPaths = (
			);
			inputPaths = (
				"${PODS_PODFILE_DIR_PATH}/Podfile.lock",
				"${PODS_ROOT}/Manifest.lock",
			);
			name = "[CP] Check Pods Manifest.lock";
			outputFileListPaths = (
			);
			outputPaths = (
				"$(DERIVED_FILE_DIR)/Pods-Neatflo-checkManifestLockResult.txt",
			);
			runOnlyForDeploymentPostprocessing = 0;
			shellPath = /bin/sh;
			shellScript = "diff \"${PODS_PODFILE_DIR_PATH}/Podfile.lock\" \"${PODS_ROOT}/Manifest.lock\" > /dev/null\nif [ $? != 0 ] ; then\n    # print error to STDERR\n    echo \"error: The sandbox is not in sync with the Podfile.lock. Run 'pod install' or update your CocoaPods installation.\" >&2\n    exit 1\nfi\n# This output is used by Xcode 'outputs' to avoid re-running this script phase.\necho \"SUCCESS\" > \"${SCRIPT_OUTPUT_FILE_0}\"\n";
			showEnvVarsInLog = 0;
		};
/* End PBXShellScriptBuildPhase section */

/* Begin PBXSourcesBuildPhase section */
		DA4524FF2DBD910C001AFE0D /* Sources */ = {
			isa = PBXSourcesBuildPhase;
			buildActionMask = 2147483647;
			files = (
				DAA5059B2DDAB51300D80412 /* LoginViewModel.swift in Sources */,
				DA0415AA2DBF2ED900607BEB /* NeatfloDataManager.swift in Sources */,
				DAA5A6DF2DBDB88800AD57E4 /* FeedViewModel.swift in Sources */,
				DA45255B2DBDAEA3001AFE0D /* SplashView.swift in Sources */,
				DA0415B12DBF4D5C00607BEB /* AppDelegate.swift in Sources */,
				DA45255C2DBDAEA3001AFE0D /* AuthService.swift in Sources */,
				DA45255D2DBDAEA3001AFE0D /* LoginView.swift in Sources */,
				DA45255E2DBDAEA3001AFE0D /* AuthViewModel.swift in Sources */,
				DA5D3CA22DDBA81100404BA7 /* MainContentView.swift in Sources */,
				DA5D3CA42DDBA97500404BA7 /* DataStorageModifier.swift in Sources */,
				DA3CD4AC2DC711810033EF02 /* DataService.swift in Sources */,
				DA5D3CA62DDBC31600404BA7 /* OnboardingView.swift in Sources */,
				DA45255F2DBDAEA3001AFE0D /* SplashViewModel.swift in Sources */,
				DA4525602DBDAEA3001AFE0D /* AppState.swift in Sources */,
				DA7D897B2DD11F7200EE5B88 /* OpportunityMO.swift in Sources */,
				DA7D897D2DD123A900EE5B88 /* ContentView.swift in Sources */,
				DAA5A6E12DBDB8BF00AD57E4 /* Opportunity.swift in Sources */,
				DA4525612DBDAEA3001AFE0D /* FeedView.swift in Sources */,
				DA3E93492DC86DE5004BA2BB /* MockDataService.swift in Sources */,
				DA7DAF202DBEAA92000940B9 /* NeatfloApp.swift in Sources */,
				DAA5A6DD2DBDB82000AD57E4 /* FirestoreService.swift in Sources */,
				DA3CD4AE2DC7126C0033EF02 /* OpportunityFeedView.swift in Sources */,
				DAF4F0902DDAD6C700FAA050 /* CustomTextField.swift in Sources */,
				DA0415AC2DBF2F7C00607BEB /* OpportunityListView.swift in Sources */,
				DAA5A6DB2DBDB7F500AD57E4 /* FirestoreServiceProtocol.swift in Sources */,
				DA80C8BD2DCFCDBB00B879C2 /* PersistenceController.swift in Sources */,
			);
			runOnlyForDeploymentPostprocessing = 0;
		};
		DA4525102DBD910E001AFE0D /* Sources */ = {
			isa = PBXSourcesBuildPhase;
			buildActionMask = 2147483647;
			files = (
			);
			runOnlyForDeploymentPostprocessing = 0;
		};
		DA45251A2DBD910E001AFE0D /* Sources */ = {
			isa = PBXSourcesBuildPhase;
			buildActionMask = 2147483647;
			files = (
			);
			runOnlyForDeploymentPostprocessing = 0;
		};
/* End PBXSourcesBuildPhase section */

/* Begin PBXTargetDependency section */
		DA4525162DBD910E001AFE0D /* PBXTargetDependency */ = {
			isa = PBXTargetDependency;
			target = DA4525022DBD910C001AFE0D /* Neatflo */;
			targetProxy = DA4525152DBD910E001AFE0D /* PBXContainerItemProxy */;
		};
		DA4525202DBD910E001AFE0D /* PBXTargetDependency */ = {
			isa = PBXTargetDependency;
			target = DA4525022DBD910C001AFE0D /* Neatflo */;
			targetProxy = DA45251F2DBD910E001AFE0D /* PBXContainerItemProxy */;
		};
/* End PBXTargetDependency section */

/* Begin XCBuildConfiguration section */
		DA4525262DBD910E001AFE0D /* Debug */ = {
			isa = XCBuildConfiguration;
			buildSettings = {
				ALWAYS_SEARCH_USER_PATHS = NO;
				ASSETCATALOG_COMPILER_GENERATE_SWIFT_ASSET_SYMBOL_EXTENSIONS = YES;
				CLANG_ANALYZER_NONNULL = YES;
				CLANG_ANALYZER_NUMBER_OBJECT_CONVERSION = YES_AGGRESSIVE;
				CLANG_CXX_LANGUAGE_STANDARD = "gnu++20";
				CLANG_ENABLE_MODULES = YES;
				CLANG_ENABLE_OBJC_ARC = YES;
				CLANG_ENABLE_OBJC_WEAK = YES;
				CLANG_WARN_BLOCK_CAPTURE_AUTORELEASING = YES;
				CLANG_WARN_BOOL_CONVERSION = YES;
				CLANG_WARN_COMMA = YES;
				CLANG_WARN_CONSTANT_CONVERSION = YES;
				CLANG_WARN_DEPRECATED_OBJC_IMPLEMENTATIONS = YES;
				CLANG_WARN_DIRECT_OBJC_ISA_USAGE = YES_ERROR;
				CLANG_WARN_DOCUMENTATION_COMMENTS = YES;
				CLANG_WARN_EMPTY_BODY = YES;
				CLANG_WARN_ENUM_CONVERSION = YES;
				CLANG_WARN_INFINITE_RECURSION = YES;
				CLANG_WARN_INT_CONVERSION = YES;
				CLANG_WARN_NON_LITERAL_NULL_CONVERSION = YES;
				CLANG_WARN_OBJC_IMPLICIT_RETAIN_SELF = YES;
				CLANG_WARN_OBJC_LITERAL_CONVERSION = YES;
				CLANG_WARN_OBJC_ROOT_CLASS = YES_ERROR;
				CLANG_WARN_QUOTED_INCLUDE_IN_FRAMEWORK_HEADER = YES;
				CLANG_WARN_RANGE_LOOP_ANALYSIS = YES;
				CLANG_WARN_STRICT_PROTOTYPES = YES;
				CLANG_WARN_SUSPICIOUS_MOVE = YES;
				CLANG_WARN_UNGUARDED_AVAILABILITY = YES_AGGRESSIVE;
				CLANG_WARN_UNREACHABLE_CODE = YES;
				CLANG_WARN__DUPLICATE_METHOD_MATCH = YES;
				COPY_PHASE_STRIP = NO;
				DEBUG_INFORMATION_FORMAT = dwarf;
				ENABLE_STRICT_OBJC_MSGSEND = YES;
				ENABLE_TESTABILITY = YES;
				ENABLE_USER_SCRIPT_SANDBOXING = YES;
				GCC_C_LANGUAGE_STANDARD = gnu17;
				GCC_DYNAMIC_NO_PIC = NO;
				GCC_NO_COMMON_BLOCKS = YES;
				GCC_OPTIMIZATION_LEVEL = 0;
				GCC_PREPROCESSOR_DEFINITIONS = (
					"DEBUG=1",
					"$(inherited)",
				);
				GCC_WARN_64_TO_32_BIT_CONVERSION = YES;
				GCC_WARN_ABOUT_RETURN_TYPE = YES_ERROR;
				GCC_WARN_UNDECLARED_SELECTOR = YES;
				GCC_WARN_UNINITIALIZED_AUTOS = YES_AGGRESSIVE;
				GCC_WARN_UNUSED_FUNCTION = YES;
				GCC_WARN_UNUSED_VARIABLE = YES;
				LOCALIZATION_PREFERS_STRING_CATALOGS = YES;
				MTL_ENABLE_DEBUG_INFO = INCLUDE_SOURCE;
				MTL_FAST_MATH = YES;
				ONLY_ACTIVE_ARCH = YES;
				SWIFT_ACTIVE_COMPILATION_CONDITIONS = "DEBUG $(inherited)";
				SWIFT_OPTIMIZATION_LEVEL = "-Onone";
			};
			name = Debug;
		};
		DA4525272DBD910E001AFE0D /* Release */ = {
			isa = XCBuildConfiguration;
			buildSettings = {
				ALWAYS_SEARCH_USER_PATHS = NO;
				ASSETCATALOG_COMPILER_GENERATE_SWIFT_ASSET_SYMBOL_EXTENSIONS = YES;
				CLANG_ANALYZER_NONNULL = YES;
				CLANG_ANALYZER_NUMBER_OBJECT_CONVERSION = YES_AGGRESSIVE;
				CLANG_CXX_LANGUAGE_STANDARD = "gnu++20";
				CLANG_ENABLE_MODULES = YES;
				CLANG_ENABLE_OBJC_ARC = YES;
				CLANG_ENABLE_OBJC_WEAK = YES;
				CLANG_WARN_BLOCK_CAPTURE_AUTORELEASING = YES;
				CLANG_WARN_BOOL_CONVERSION = YES;
				CLANG_WARN_COMMA = YES;
				CLANG_WARN_CONSTANT_CONVERSION = YES;
				CLANG_WARN_DEPRECATED_OBJC_IMPLEMENTATIONS = YES;
				CLANG_WARN_DIRECT_OBJC_ISA_USAGE = YES_ERROR;
				CLANG_WARN_DOCUMENTATION_COMMENTS = YES;
				CLANG_WARN_EMPTY_BODY = YES;
				CLANG_WARN_ENUM_CONVERSION = YES;
				CLANG_WARN_INFINITE_RECURSION = YES;
				CLANG_WARN_INT_CONVERSION = YES;
				CLANG_WARN_NON_LITERAL_NULL_CONVERSION = YES;
				CLANG_WARN_OBJC_IMPLICIT_RETAIN_SELF = YES;
				CLANG_WARN_OBJC_LITERAL_CONVERSION = YES;
				CLANG_WARN_OBJC_ROOT_CLASS = YES_ERROR;
				CLANG_WARN_QUOTED_INCLUDE_IN_FRAMEWORK_HEADER = YES;
				CLANG_WARN_RANGE_LOOP_ANALYSIS = YES;
				CLANG_WARN_STRICT_PROTOTYPES = YES;
				CLANG_WARN_SUSPICIOUS_MOVE = YES;
				CLANG_WARN_UNGUARDED_AVAILABILITY = YES_AGGRESSIVE;
				CLANG_WARN_UNREACHABLE_CODE = YES;
				CLANG_WARN__DUPLICATE_METHOD_MATCH = YES;
				COPY_PHASE_STRIP = NO;
				DEBUG_INFORMATION_FORMAT = "dwarf-with-dsym";
				ENABLE_NS_ASSERTIONS = NO;
				ENABLE_STRICT_OBJC_MSGSEND = YES;
				ENABLE_USER_SCRIPT_SANDBOXING = YES;
				GCC_C_LANGUAGE_STANDARD = gnu17;
				GCC_NO_COMMON_BLOCKS = YES;
				GCC_WARN_64_TO_32_BIT_CONVERSION = YES;
				GCC_WARN_ABOUT_RETURN_TYPE = YES_ERROR;
				GCC_WARN_UNDECLARED_SELECTOR = YES;
				GCC_WARN_UNINITIALIZED_AUTOS = YES_AGGRESSIVE;
				GCC_WARN_UNUSED_FUNCTION = YES;
				GCC_WARN_UNUSED_VARIABLE = YES;
				LOCALIZATION_PREFERS_STRING_CATALOGS = YES;
				MTL_ENABLE_DEBUG_INFO = NO;
				MTL_FAST_MATH = YES;
				SWIFT_COMPILATION_MODE = wholemodule;
			};
			name = Release;
		};
		DA4525292DBD910E001AFE0D /* Debug */ = {
			isa = XCBuildConfiguration;
			baseConfigurationReference = 842D2D3478D68A149DE1672C /* Pods-Neatflo.debug.xcconfig */;
			buildSettings = {
				ARCHS = "$(ARCHS_STANDARD)";
				ASSETCATALOG_COMPILER_APPICON_NAME = AppIcon;
				ASSETCATALOG_COMPILER_GLOBAL_ACCENT_COLOR_NAME = AccentColor;
				CODE_SIGN_ENTITLEMENTS = Neatflo/Neatflo.entitlements;
				CODE_SIGN_STYLE = Automatic;
				CURRENT_PROJECT_VERSION = 1;
				DEVELOPMENT_ASSET_PATHS = "\"Neatflo/Preview Content\"";
				DEVELOPMENT_TEAM = QFQW29JWKY;
				ENABLE_HARDENED_RUNTIME = YES;
				ENABLE_PREVIEWS = YES;
				FRAMEWORK_SEARCH_PATHS = (
					"$(inherited)",
					"$(PROJECT_DIR)/Pods",
					"\"${PODS_CONFIGURATION_BUILD_DIR}/BoringSSL-GRPC\"",
					"\"${PODS_CONFIGURATION_BUILD_DIR}/FirebaseAppCheckInterop\"",
					"\"${PODS_CONFIGURATION_BUILD_DIR}/FirebaseAuth\"",
					"\"${PODS_CONFIGURATION_BUILD_DIR}/FirebaseCore\"",
					"\"${PODS_CONFIGURATION_BUILD_DIR}/FirebaseCoreExtension\"",
					"\"${PODS_CONFIGURATION_BUILD_DIR}/FirebaseCoreInternal\"",
					"\"${PODS_CONFIGURATION_BUILD_DIR}/FirebaseFirestore\"",
					"\"${PODS_CONFIGURATION_BUILD_DIR}/FirebaseFirestoreInternal\"",
					"\"${PODS_CONFIGURATION_BUILD_DIR}/FirebaseFirestoreSwift\"",
					"\"${PODS_CONFIGURATION_BUILD_DIR}/FirebaseInstallations\"",
					"\"${PODS_CONFIGURATION_BUILD_DIR}/FirebaseSharedSwift\"",
					"\"${PODS_CONFIGURATION_BUILD_DIR}/GTMSessionFetcher\"",
					"\"${PODS_CONFIGURATION_BUILD_DIR}/GoogleDataTransport\"",
					"\"${PODS_CONFIGURATION_BUILD_DIR}/GoogleUtilities\"",
					"\"${PODS_CONFIGURATION_BUILD_DIR}/PromisesObjC\"",
					"\"${PODS_CONFIGURATION_BUILD_DIR}/RecaptchaInterop\"",
					"\"${PODS_CONFIGURATION_BUILD_DIR}/abseil\"",
					"\"${PODS_CONFIGURATION_BUILD_DIR}/gRPC-C++\"",
					"\"${PODS_CONFIGURATION_BUILD_DIR}/gRPC-Core\"",
					"\"${PODS_CONFIGURATION_BUILD_DIR}/leveldb-library\"",
					"\"${PODS_CONFIGURATION_BUILD_DIR}/nanopb\"",
					"\"${PODS_ROOT}/FirebaseAnalytics/Frameworks\"",
					"\"${PODS_ROOT}/GoogleAppMeasurement/Frameworks\"",
					"\"${PODS_XCFRAMEWORKS_BUILD_DIR}/FirebaseAnalytics/AdIdSupport\"",
					"\"${PODS_XCFRAMEWORKS_BUILD_DIR}/GoogleAppMeasurement/AdIdSupport\"",
					"\"${PODS_XCFRAMEWORKS_BUILD_DIR}/GoogleAppMeasurement/WithoutAdIdSupport\"",
				);
				GENERATE_INFOPLIST_FILE = YES;
				HEADER_SEARCH_PATHS = (
					"$(inherited)",
					"\"${PODS_CONFIGURATION_BUILD_DIR}/BoringSSL-GRPC/openssl_grpc.framework/Headers\"",
					"\"${PODS_CONFIGURATION_BUILD_DIR}/FirebaseAppCheckInterop/FirebaseAppCheckInterop.framework/Headers\"",
					"\"${PODS_CONFIGURATION_BUILD_DIR}/FirebaseAuth/FirebaseAuth.framework/Headers\"",
					"\"${PODS_CONFIGURATION_BUILD_DIR}/FirebaseCore/FirebaseCore.framework/Headers\"",
					"\"${PODS_CONFIGURATION_BUILD_DIR}/FirebaseCoreExtension/FirebaseCoreExtension.framework/Headers\"",
					"\"${PODS_CONFIGURATION_BUILD_DIR}/FirebaseCoreInternal/FirebaseCoreInternal.framework/Headers\"",
					"\"${PODS_CONFIGURATION_BUILD_DIR}/FirebaseFirestore/FirebaseFirestore.framework/Headers\"",
					"\"${PODS_CONFIGURATION_BUILD_DIR}/FirebaseFirestoreInternal/FirebaseFirestoreInternal.framework/Headers\"",
					"\"${PODS_CONFIGURATION_BUILD_DIR}/FirebaseFirestoreSwift/FirebaseFirestoreSwift.framework/Headers\"",
					"\"${PODS_CONFIGURATION_BUILD_DIR}/FirebaseInstallations/FirebaseInstallations.framework/Headers\"",
					"\"${PODS_CONFIGURATION_BUILD_DIR}/FirebaseSharedSwift/FirebaseSharedSwift.framework/Headers\"",
					"\"${PODS_CONFIGURATION_BUILD_DIR}/GTMSessionFetcher/GTMSessionFetcher.framework/Headers\"",
					"\"${PODS_CONFIGURATION_BUILD_DIR}/GoogleUtilities/GoogleUtilities.framework/Headers\"",
					"\"${PODS_CONFIGURATION_BUILD_DIR}/RecaptchaInterop/RecaptchaInterop.framework/Headers\"",
					"\"${PODS_CONFIGURATION_BUILD_DIR}/abseil/absl.framework/Headers\"",
					"\"${PODS_CONFIGURATION_BUILD_DIR}/gRPC-C++/grpcpp.framework/Headers\"",
					"\"${PODS_CONFIGURATION_BUILD_DIR}/gRPC-Core/grpc.framework/Headers\"",
					"\"${PODS_CONFIGURATION_BUILD_DIR}/leveldb-library/leveldb.framework/Headers\"",
					"\"${PODS_CONFIGURATION_BUILD_DIR}/nanopb/nanopb.framework/Headers\"",
					"\"${PODS_CONFIGURATION_BUILD_DIR}/FirebaseCore/FirebaseCore.framework/Headers\"",
					"\"${PODS_CONFIGURATION_BUILD_DIR}/FirebaseFirestore/FirebaseFirestore.framework/Headers\"",
				);
				"INFOPLIST_KEY_UIApplicationSceneManifest_Generation[sdk=iphoneos*]" = YES;
				"INFOPLIST_KEY_UIApplicationSceneManifest_Generation[sdk=iphonesimulator*]" = YES;
				"INFOPLIST_KEY_UIApplicationSupportsIndirectInputEvents[sdk=iphoneos*]" = YES;
				"INFOPLIST_KEY_UIApplicationSupportsIndirectInputEvents[sdk=iphonesimulator*]" = YES;
				"INFOPLIST_KEY_UILaunchScreen_Generation[sdk=iphoneos*]" = YES;
				"INFOPLIST_KEY_UILaunchScreen_Generation[sdk=iphonesimulator*]" = YES;
				"INFOPLIST_KEY_UIStatusBarStyle[sdk=iphoneos*]" = UIStatusBarStyleDefault;
				"INFOPLIST_KEY_UIStatusBarStyle[sdk=iphonesimulator*]" = UIStatusBarStyleDefault;
				INFOPLIST_KEY_UISupportedInterfaceOrientations = UIInterfaceOrientationPortrait;
				INFOPLIST_KEY_UISupportedInterfaceOrientations_iPad = "UIInterfaceOrientationLandscapeLeft UIInterfaceOrientationLandscapeRight UIInterfaceOrientationPortrait UIInterfaceOrientationPortraitUpsideDown";
				IPHONEOS_DEPLOYMENT_TARGET = 15.6;
				LD_RUNPATH_SEARCH_PATHS = (
					"$(inherited)",
					"@executable_path/Frameworks",
				);
				"LD_RUNPATH_SEARCH_PATHS[sdk=macosx*]" = (
					"$(inherited)",
					"@executable_path/../Frameworks",
				);
				MACOSX_DEPLOYMENT_TARGET = 15.0;
				MARKETING_VERSION = 1.0;
				ONLY_ACTIVE_ARCH = YES;
				OTHER_CFLAGS = "$(inherited)";
				OTHER_LDFLAGS = "$(inherited)";
				PRODUCT_BUNDLE_IDENTIFIER = Neatflo.Neatflo;
				PRODUCT_NAME = "$(TARGET_NAME)";
				SDKROOT = auto;
				SUPPORTED_PLATFORMS = "iphoneos iphonesimulator macosx xros xrsimulator";
				SWIFT_EMIT_LOC_STRINGS = YES;
				SWIFT_VERSION = 5.0;
				SYSTEM_FRAMEWORK_SEARCH_PATHS = "$(inherited)";
				"SYSTEM_FRAMEWORK_SEARCH_PATHS[arch=*]" = "";
				TARGETED_DEVICE_FAMILY = "1,2,7";
				WARNING_CFLAGS = "-suppress-warnings";
				XROS_DEPLOYMENT_TARGET = 2.0;
			};
			name = Debug;
		};
		DA45252A2DBD910E001AFE0D /* Release */ = {
			isa = XCBuildConfiguration;
			baseConfigurationReference = 997D5B6277023DA8AF9A99F5 /* Pods-Neatflo.release.xcconfig */;
			buildSettings = {
				ARCHS = "$(ARCHS_STANDARD)";
				ASSETCATALOG_COMPILER_APPICON_NAME = AppIcon;
				ASSETCATALOG_COMPILER_GLOBAL_ACCENT_COLOR_NAME = AccentColor;
				CODE_SIGN_ENTITLEMENTS = Neatflo/Neatflo.entitlements;
				CODE_SIGN_STYLE = Automatic;
				CURRENT_PROJECT_VERSION = 1;
				DEVELOPMENT_ASSET_PATHS = "\"Neatflo/Preview Content\"";
				DEVELOPMENT_TEAM = QFQW29JWKY;
				ENABLE_HARDENED_RUNTIME = YES;
				ENABLE_PREVIEWS = YES;
				FRAMEWORK_SEARCH_PATHS = (
					"$(inherited)",
					"$(PROJECT_DIR)/Pods",
					"\"${PODS_CONFIGURATION_BUILD_DIR}/BoringSSL-GRPC\"",
					"\"${PODS_CONFIGURATION_BUILD_DIR}/FirebaseAppCheckInterop\"",
					"\"${PODS_CONFIGURATION_BUILD_DIR}/FirebaseAuth\"",
					"\"${PODS_CONFIGURATION_BUILD_DIR}/FirebaseCore\"",
					"\"${PODS_CONFIGURATION_BUILD_DIR}/FirebaseCoreExtension\"",
					"\"${PODS_CONFIGURATION_BUILD_DIR}/FirebaseCoreInternal\"",
					"\"${PODS_CONFIGURATION_BUILD_DIR}/FirebaseFirestore\"",
					"\"${PODS_CONFIGURATION_BUILD_DIR}/FirebaseFirestoreInternal\"",
					"\"${PODS_CONFIGURATION_BUILD_DIR}/FirebaseFirestoreSwift\"",
					"\"${PODS_CONFIGURATION_BUILD_DIR}/FirebaseInstallations\"",
					"\"${PODS_CONFIGURATION_BUILD_DIR}/FirebaseSharedSwift\"",
					"\"${PODS_CONFIGURATION_BUILD_DIR}/GTMSessionFetcher\"",
					"\"${PODS_CONFIGURATION_BUILD_DIR}/GoogleDataTransport\"",
					"\"${PODS_CONFIGURATION_BUILD_DIR}/GoogleUtilities\"",
					"\"${PODS_CONFIGURATION_BUILD_DIR}/PromisesObjC\"",
					"\"${PODS_CONFIGURATION_BUILD_DIR}/RecaptchaInterop\"",
					"\"${PODS_CONFIGURATION_BUILD_DIR}/abseil\"",
					"\"${PODS_CONFIGURATION_BUILD_DIR}/gRPC-C++\"",
					"\"${PODS_CONFIGURATION_BUILD_DIR}/gRPC-Core\"",
					"\"${PODS_CONFIGURATION_BUILD_DIR}/leveldb-library\"",
					"\"${PODS_CONFIGURATION_BUILD_DIR}/nanopb\"",
					"\"${PODS_ROOT}/FirebaseAnalytics/Frameworks\"",
					"\"${PODS_ROOT}/GoogleAppMeasurement/Frameworks\"",
					"\"${PODS_XCFRAMEWORKS_BUILD_DIR}/FirebaseAnalytics/AdIdSupport\"",
					"\"${PODS_XCFRAMEWORKS_BUILD_DIR}/GoogleAppMeasurement/AdIdSupport\"",
					"\"${PODS_XCFRAMEWORKS_BUILD_DIR}/GoogleAppMeasurement/WithoutAdIdSupport\"",
				);
				GENERATE_INFOPLIST_FILE = YES;
				HEADER_SEARCH_PATHS = (
					"$(inherited)",
					"\"${PODS_CONFIGURATION_BUILD_DIR}/BoringSSL-GRPC/openssl_grpc.framework/Headers\"",
					"\"${PODS_CONFIGURATION_BUILD_DIR}/FirebaseAppCheckInterop/FirebaseAppCheckInterop.framework/Headers\"",
					"\"${PODS_CONFIGURATION_BUILD_DIR}/FirebaseAuth/FirebaseAuth.framework/Headers\"",
					"\"${PODS_CONFIGURATION_BUILD_DIR}/FirebaseCore/FirebaseCore.framework/Headers\"",
					"\"${PODS_CONFIGURATION_BUILD_DIR}/FirebaseCoreExtension/FirebaseCoreExtension.framework/Headers\"",
					"\"${PODS_CONFIGURATION_BUILD_DIR}/FirebaseCoreInternal/FirebaseCoreInternal.framework/Headers\"",
					"\"${PODS_CONFIGURATION_BUILD_DIR}/FirebaseFirestore/FirebaseFirestore.framework/Headers\"",
					"\"${PODS_CONFIGURATION_BUILD_DIR}/FirebaseFirestoreInternal/FirebaseFirestoreInternal.framework/Headers\"",
					"\"${PODS_CONFIGURATION_BUILD_DIR}/FirebaseFirestoreSwift/FirebaseFirestoreSwift.framework/Headers\"",
					"\"${PODS_CONFIGURATION_BUILD_DIR}/FirebaseInstallations/FirebaseInstallations.framework/Headers\"",
					"\"${PODS_CONFIGURATION_BUILD_DIR}/FirebaseSharedSwift/FirebaseSharedSwift.framework/Headers\"",
					"\"${PODS_CONFIGURATION_BUILD_DIR}/GTMSessionFetcher/GTMSessionFetcher.framework/Headers\"",
					"\"${PODS_CONFIGURATION_BUILD_DIR}/GoogleUtilities/GoogleUtilities.framework/Headers\"",
					"\"${PODS_CONFIGURATION_BUILD_DIR}/PromisesObjC/FBLPromises.framework/Headers\"",
					"\"${PODS_CONFIGURATION_BUILD_DIR}/RecaptchaInterop/RecaptchaInterop.framework/Headers\"",
					"\"${PODS_CONFIGURATION_BUILD_DIR}/abseil/absl.framework/Headers\"",
					"\"${PODS_CONFIGURATION_BUILD_DIR}/gRPC-C++/grpcpp.framework/Headers\"",
					"\"${PODS_CONFIGURATION_BUILD_DIR}/gRPC-Core/grpc.framework/Headers\"",
					"\"${PODS_CONFIGURATION_BUILD_DIR}/leveldb-library/leveldb.framework/Headers\"",
					"\"${PODS_CONFIGURATION_BUILD_DIR}/nanopb/nanopb.framework/Headers\"",
					"\"${PODS_CONFIGURATION_BUILD_DIR}/FirebaseCore/FirebaseCore.framework/Headers\"",
					"\"${PODS_CONFIGURATION_BUILD_DIR}/FirebaseFirestore/FirebaseFirestore.framework/Headers\"",
				);
				"INFOPLIST_KEY_UIApplicationSceneManifest_Generation[sdk=iphoneos*]" = YES;
				"INFOPLIST_KEY_UIApplicationSceneManifest_Generation[sdk=iphonesimulator*]" = YES;
				"INFOPLIST_KEY_UIApplicationSupportsIndirectInputEvents[sdk=iphoneos*]" = YES;
				"INFOPLIST_KEY_UIApplicationSupportsIndirectInputEvents[sdk=iphonesimulator*]" = YES;
				"INFOPLIST_KEY_UILaunchScreen_Generation[sdk=iphoneos*]" = YES;
				"INFOPLIST_KEY_UILaunchScreen_Generation[sdk=iphonesimulator*]" = YES;
				"INFOPLIST_KEY_UIStatusBarStyle[sdk=iphoneos*]" = UIStatusBarStyleDefault;
				"INFOPLIST_KEY_UIStatusBarStyle[sdk=iphonesimulator*]" = UIStatusBarStyleDefault;
				INFOPLIST_KEY_UISupportedInterfaceOrientations = UIInterfaceOrientationPortrait;
				INFOPLIST_KEY_UISupportedInterfaceOrientations_iPad = "UIInterfaceOrientationLandscapeLeft UIInterfaceOrientationLandscapeRight UIInterfaceOrientationPortrait UIInterfaceOrientationPortraitUpsideDown";
				IPHONEOS_DEPLOYMENT_TARGET = 15.6;
				LD_RUNPATH_SEARCH_PATHS = (
					"$(inherited)",
					"@executable_path/Frameworks",
				);
				"LD_RUNPATH_SEARCH_PATHS[sdk=macosx*]" = (
					"$(inherited)",
					"@executable_path/../Frameworks",
				);
				MACOSX_DEPLOYMENT_TARGET = 15.0;
				MARKETING_VERSION = 1.0;
				ONLY_ACTIVE_ARCH = YES;
				OTHER_CFLAGS = "$(inherited)";
				OTHER_LDFLAGS = "$(inherited)";
				PRODUCT_BUNDLE_IDENTIFIER = Neatflo.Neatflo;
				PRODUCT_NAME = "$(TARGET_NAME)";
				SDKROOT = auto;
				SUPPORTED_PLATFORMS = "iphoneos iphonesimulator macosx xros xrsimulator";
				SWIFT_EMIT_LOC_STRINGS = YES;
				SWIFT_VERSION = 5.0;
				SYSTEM_FRAMEWORK_SEARCH_PATHS = "$(inherited)";
				TARGETED_DEVICE_FAMILY = "1,2,7";
				WARNING_CFLAGS = "-suppress-warnings";
				XROS_DEPLOYMENT_TARGET = 2.0;
			};
			name = Release;
		};
		DA45252C2DBD910E001AFE0D /* Debug */ = {
			isa = XCBuildConfiguration;
			buildSettings = {
				BUNDLE_LOADER = "$(TEST_HOST)";
				CODE_SIGN_STYLE = Automatic;
				CURRENT_PROJECT_VERSION = 1;
				DEVELOPMENT_TEAM = QFQW29JWKY;
				GENERATE_INFOPLIST_FILE = YES;
				IPHONEOS_DEPLOYMENT_TARGET = 18.0;
				MACOSX_DEPLOYMENT_TARGET = 15.0;
				MARKETING_VERSION = 1.0;
				PRODUCT_BUNDLE_IDENTIFIER = Neatflo.NeatfloTests;
				PRODUCT_NAME = "$(TARGET_NAME)";
				SDKROOT = auto;
				SUPPORTED_PLATFORMS = "iphoneos iphonesimulator macosx xros xrsimulator";
				SWIFT_EMIT_LOC_STRINGS = NO;
				SWIFT_VERSION = 5.0;
				TARGETED_DEVICE_FAMILY = "1,2,7";
				TEST_HOST = "$(BUILT_PRODUCTS_DIR)/Neatflo.app/$(BUNDLE_EXECUTABLE_FOLDER_PATH)/Neatflo";
				XROS_DEPLOYMENT_TARGET = 2.0;
			};
			name = Debug;
		};
		DA45252D2DBD910E001AFE0D /* Release */ = {
			isa = XCBuildConfiguration;
			buildSettings = {
				BUNDLE_LOADER = "$(TEST_HOST)";
				CODE_SIGN_STYLE = Automatic;
				CURRENT_PROJECT_VERSION = 1;
				DEVELOPMENT_TEAM = QFQW29JWKY;
				GENERATE_INFOPLIST_FILE = YES;
				IPHONEOS_DEPLOYMENT_TARGET = 18.0;
				MACOSX_DEPLOYMENT_TARGET = 15.0;
				MARKETING_VERSION = 1.0;
				PRODUCT_BUNDLE_IDENTIFIER = Neatflo.NeatfloTests;
				PRODUCT_NAME = "$(TARGET_NAME)";
				SDKROOT = auto;
				SUPPORTED_PLATFORMS = "iphoneos iphonesimulator macosx xros xrsimulator";
				SWIFT_EMIT_LOC_STRINGS = NO;
				SWIFT_VERSION = 5.0;
				TARGETED_DEVICE_FAMILY = "1,2,7";
				TEST_HOST = "$(BUILT_PRODUCTS_DIR)/Neatflo.app/$(BUNDLE_EXECUTABLE_FOLDER_PATH)/Neatflo";
				XROS_DEPLOYMENT_TARGET = 2.0;
			};
			name = Release;
		};
		DA45252F2DBD910E001AFE0D /* Debug */ = {
			isa = XCBuildConfiguration;
			buildSettings = {
				CODE_SIGN_STYLE = Automatic;
				CURRENT_PROJECT_VERSION = 1;
				DEVELOPMENT_TEAM = QFQW29JWKY;
				GENERATE_INFOPLIST_FILE = YES;
				IPHONEOS_DEPLOYMENT_TARGET = 18.0;
				MACOSX_DEPLOYMENT_TARGET = 15.0;
				MARKETING_VERSION = 1.0;
				PRODUCT_BUNDLE_IDENTIFIER = Neatflo.NeatfloUITests;
				PRODUCT_NAME = "$(TARGET_NAME)";
				SDKROOT = auto;
				SUPPORTED_PLATFORMS = "iphoneos iphonesimulator macosx xros xrsimulator";
				SWIFT_EMIT_LOC_STRINGS = NO;
				SWIFT_VERSION = 5.0;
				TARGETED_DEVICE_FAMILY = "1,2,7";
				TEST_TARGET_NAME = Neatflo;
				XROS_DEPLOYMENT_TARGET = 2.0;
			};
			name = Debug;
		};
		DA4525302DBD910E001AFE0D /* Release */ = {
			isa = XCBuildConfiguration;
			buildSettings = {
				CODE_SIGN_STYLE = Automatic;
				CURRENT_PROJECT_VERSION = 1;
				DEVELOPMENT_TEAM = QFQW29JWKY;
				GENERATE_INFOPLIST_FILE = YES;
				IPHONEOS_DEPLOYMENT_TARGET = 18.0;
				MACOSX_DEPLOYMENT_TARGET = 15.0;
				MARKETING_VERSION = 1.0;
				PRODUCT_BUNDLE_IDENTIFIER = Neatflo.NeatfloUITests;
				PRODUCT_NAME = "$(TARGET_NAME)";
				SDKROOT = auto;
				SUPPORTED_PLATFORMS = "iphoneos iphonesimulator macosx xros xrsimulator";
				SWIFT_EMIT_LOC_STRINGS = NO;
				SWIFT_VERSION = 5.0;
				TARGETED_DEVICE_FAMILY = "1,2,7";
				TEST_TARGET_NAME = Neatflo;
				XROS_DEPLOYMENT_TARGET = 2.0;
			};
			name = Release;
		};
/* End XCBuildConfiguration section */

/* Begin XCConfigurationList section */
		DA4524FE2DBD910C001AFE0D /* Build configuration list for PBXProject "Neatflo" */ = {
			isa = XCConfigurationList;
			buildConfigurations = (
				DA4525262DBD910E001AFE0D /* Debug */,
				DA4525272DBD910E001AFE0D /* Release */,
			);
			defaultConfigurationIsVisible = 0;
			defaultConfigurationName = Release;
		};
		DA4525282DBD910E001AFE0D /* Build configuration list for PBXNativeTarget "Neatflo" */ = {
			isa = XCConfigurationList;
			buildConfigurations = (
				DA4525292DBD910E001AFE0D /* Debug */,
				DA45252A2DBD910E001AFE0D /* Release */,
			);
			defaultConfigurationIsVisible = 0;
			defaultConfigurationName = Release;
		};
		DA45252B2DBD910E001AFE0D /* Build configuration list for PBXNativeTarget "NeatfloTests" */ = {
			isa = XCConfigurationList;
			buildConfigurations = (
				DA45252C2DBD910E001AFE0D /* Debug */,
				DA45252D2DBD910E001AFE0D /* Release */,
			);
			defaultConfigurationIsVisible = 0;
			defaultConfigurationName = Release;
		};
		DA45252E2DBD910E001AFE0D /* Build configuration list for PBXNativeTarget "NeatfloUITests" */ = {
			isa = XCConfigurationList;
			buildConfigurations = (
				DA45252F2DBD910E001AFE0D /* Debug */,
				DA4525302DBD910E001AFE0D /* Release */,
			);
			defaultConfigurationIsVisible = 0;
			defaultConfigurationName = Release;
		};
/* End XCConfigurationList section */

/* Begin XCRemoteSwiftPackageReference section */
		DA0415AD2DBF33C700607BEB /* XCRemoteSwiftPackageReference "firebase-ios-sdk" */ = {
			isa = XCRemoteSwiftPackageReference;
			repositoryURL = "https://github.com/firebase/firebase-ios-sdk.git";
			requirement = {
				kind = upToNextMajorVersion;
				minimumVersion = 11.12.0;
			};
		};
/* End XCRemoteSwiftPackageReference section */
	};
	rootObject = DA4524FB2DBD910C001AFE0D /* Project object */;
}
